github.com/BurntSushi/toml v0.3.1 h1:WXkYYl6Yr3qBf1K79EBnL4mak0OimBfB0XUf9Vl28OQ=
github.com/BurntSushi/toml v0.3.1/go.mod h1:xHWCNGjB5oqiDr8zfno3MHue2Ht5sIBksp03qcyfWMU=
github.com/aws/aws-sdk-go v1.37.19 h1:/xKHoSsYfH9qe16pJAHIjqTVpMM2DRSsEt8Ok1bzYiw=
github.com/aws/aws-sdk-go v1.37.19/go.mod h1:hcU610XS61/+aQV88ixoOzUoG7v3b31pl2zKMmprdro=
github.com/davecgh/go-spew v1.1.0 h1:ZDRjVQ15GmhC3fiQ8ni8+OwkZQO4DARzQgrnXU1Liz8=
github.com/davecgh/go-spew v1.1.0/go.mod h1:J7Y8YcW2NihsgmVo/mv3lAwl/skON4iLHjSsI+c5H38=
github.com/edsrzf/mmap-go v1.0.0 h1:CEBF7HpRnUCSJgGUb5h1Gm7e3VkmVDrR8lvWVLtrOFw=
github.com/edsrzf/mmap-go v1.0.0/go.mod h1:YO35OhQPt3KJa3ryjFM5Bs14WD66h8eGKpfaBNrHW5M=
github.com/gdbu/atoms v1.0.1 h1:7vSKoMNHQXQ0iMnDKjTDbOjhPVHZxgqiW4KPpKzGjyY=
github.com/gdbu/atoms v1.0.1/go.mod h1:NAF1/IvAK0xby1xvmlRLBpapkWBhWL8dlcsxVDGuUpo=
github.com/gdbu/queue v0.4.81 h1:QusSVhD2Nmodx9Eu6gJbAUu4Gb6j3JhrUlITArfj1Kc=
github.com/gdbu/queue v0.4.81/go.mod h1:ustIG9c7ga0z2SbElMneWvOcWPOIkFvvg6JYbjK8LkU=
github.com/gdbu/reflectio v0.1.3 h1:O/4WhuCqXDBCyKGUKYwBAIDNV2xoJpHVhZe4NAUMBsU=
github.com/gdbu/reflectio v0.1.3/go.mod h1:lmPbGDeqC0WYCTzIiB4YlvE7JgHtrw9ceGfNznv4K3A=
github.com/gdbu/scribe v0.5.3 h1:kWkkE8p3iLB2CuReTTLKBYnRx4OTMZpDJTO2Z0xZ0WE=
github.com/gdbu/scribe v0.5.3/go.mod h1:d2N8Lim+phn6EuoppRUs6Vm9CSAHtzhTubGNM+A9Ya4=
github.com/gdbu/stringset v0.1.7 h1:Du7chfZGaOk2AyrNbTTOwYIsUfkIrvI2GdiBEc2fh5M=
github.com/gdbu/stringset v0.1.7/go.mod h1:X1P7j6/Kvc4VW4nWgIGEJLlIKlCP2jBKoTO4Kr5KRhI=
github.com/hatchify/colors v0.4.79 h1:E7LXqZVYDFNaTcQGxlBSfEKQ2rByeAUW84uKkat3AoA=
github.com/hatchify/colors v0.4.79/go.mod h1:t0952Ef1zDFMVTCkOwhrdJS9ToVWTdcJ3PWCHZADLuU=
github.com/hatchify/cron v0.4.82 h1:NXiWl4/9w8Egg2N2FCrQuPYLevszgUv62ZHHMzfFbi8=
github.com/hatchify/cron v0.4.82/go.mod h1:X/CVy+BJDASlwrjpwJC4+jzD5Oeaw/NHGYkKRO3r9Tc=
github.com/hatchify/errors v0.4.82 h1:o7eB9r1X3Sx7PBRRXMCaAm+vXcoQLE4ZOesIv4oK36Q=
github.com/hatchify/errors v0.4.82/go.mod h1:niCrsPjs0fFes147TgJ0LSUVdtavQTUvBxNoJm9Vew0=
github.com/jmespath/go-jmespath v0.4.0 h1:BEgLn5cpjn8UN1mAw4NjwDrS35OdebyEtFe+9YPoQUg=
github.com/jmespath/go-jmespath v0.4.0/go.mod h1:T8mJZnbsbmF+m6zOOFylbeCJqk5+pHWvzYPziyZiYoo=
github.com/jmespath/go-jmespath/internal/testify v1.5.1 h1:shLQSRRSCCPj3f2gpwzGwWFoC7ycTf1rcQZHOlsJ6N8=
github.com/jmespath/go-jmespath/internal/testify v1.5.1/go.mod h1:L3OGu8Wl2/fWfCI6z80xFu9LTZmf1ZRjMHUOPmWr69U=
github.com/mojura/enkodo v0.5.5/go.mod h1:9/1bBkNTRhwLPSFAo0uG1a+numnsZMxNIzLdWxlFl+g=
github.com/mojura/enkodo v0.5.6 h1:aISGI1RkecsER0HwgQLENa0g+j1ywUTq8fwoheBPcdQ=
github.com/mojura/enkodo v0.5.6/go.mod h1:9/1bBkNTRhwLPSFAo0uG1a+numnsZMxNIzLdWxlFl+g=
github.com/mojura/kiroku v0.8.0/go.mod h1:BSzGOuu86ovZan32cPu51HY73I9/yOV/LaAOx0z0gno=
github.com/mojura/kiroku v0.9.6 h1:VB2EQJTvILwQ0VwXHwazDNLyqDCIQ6znc7WsHT2Mbbg=
github.com/mojura/kiroku v0.9.6/go.mod h1:56OVrdD3B2jqzGVIUn+6v//5LsKNXGUWqN7qJgCu8yI=
github.com/mojura/sync-s3 v0.3.1 h1:drsalWmsuIYj42ZUpssGZsZBfFXDjLH7MTJIaFGlOTU=
github.com/mojura/sync-s3 v0.3.1/go.mod h1:RyHwvJLYmeUxtLDzi+cf4rYKxptBhhrIKdco9Ev8odY=
github.com/pkg/errors v0.9.1/go.mod h1:bwawxfHBFNV+L2hUp1rHADufV3IMtnDRdf1r5NINEl0=
github.com/pmezard/go-difflib v1.0.0 h1:4DBwDE0NGyQoBHbLQYPwSUPoCMWR5BEzIk/f1lZbAQM=
github.com/pmezard/go-difflib v1.0.0/go.mod h1:iKH77koFhYxTK1pcRnkKkqfTogsbg7gZNVY4sRDYZ/4=
github.com/stretchr/objx v0.1.0/go.mod h1:HFkY916IF+rwdDfMAkV7OtwuqBVzrE8GR6GFx+wExME=
github.com/vroomy/common v0.5.2/go.mod h1:NROW9LhlSXaMhmp0/pRyJRtUD51A7q6mVPgFFh62t1c=
github.com/vroomy/common v0.6.0 h1:Gp2deWuUiAltcYcAD3dEAGdKFskrtWxxCbdxq2G/3iY=
github.com/vroomy/common v0.6.0/go.mod h1:NROW9LhlSXaMhmp0/pRyJRtUD51A7q6mVPgFFh62t1c=
github.com/vroomy/config v0.4.1 h1:pPMxQGFOtC4D7vBtUTy9x0ie5o3ZiWi4CDGZKwGAz4c=
github.com/vroomy/config v0.4.1/go.mod h1:YkbnjPpAkyyQz2Ex1fLNn3GcNckeAvGEYuSBIkVZ+Qk=
github.com/vroomy/httpserve v0.8.1 h1:TmAjAgNtKSH2BVTz4BXP1LndBPDmsq5CD4L3BLkIY5E=
github.com/vroomy/httpserve v0.8.1/go.mod h1:Q3yaiWdkTX2fXUtPWdHUbkBeNHkNcs1j6nunAyWo+Gg=
github.com/vroomy/vroomy v0.13.1 h1:eRfGnlwMYh1Zdmt1dv/0KEAqNVpRurE9cCisaEB7OvE=
github.com/vroomy/vroomy v0.13.1/go.mod h1:P0aLO6JAhPHIi5T/I8dS60XKAtXpxewNy/82ffuVw+w=
golang.org/x/crypto v0.0.0-20190308221718-c2843e01d9a2/go.mod h1:djNgcEr1/C05ACkg1iLfiJU5Ep61QUkGW8qpdssI0+w=
golang.org/x/crypto v0.0.0-20200622213623-75b288015ac9/go.mod h1:LzIPMQfyMNhhGPhUkYOs5KpL4U8rLKemX1yGLhDgUto=
golang.org/x/net v0.0.0-20190404232315-eb5bcb51f2a3/go.mod h1:t9HGtf8HONx5eT2rtn7q6eTqICYqUVnKs3thJo3Qplg=
golang.org/x/net v0.0.0-20201110031124-69a78807bb2b h1:uwuIcX0g4Yl1NC5XAz37xsr2lTtcqevgzYNVt49waME=
golang.org/x/net v0.0.0-20201110031124-69a78807bb2b/go.mod h1:sp8m0HH+o8qH0wwXwYZr8TS3Oi6o0r6Gce1SSxlDquU=
golang.org/x/sys v0.0.0-20190215142949-d0b11bdaac8a/go.mod h1:STP8DvDyc/dI5b8T5hshtkjS+E42TnysNCUPdjciGhY=
golang.org/x/sys v0.0.0-20190412213103-97732733099d/go.mod h1:h1NjWce9XRLGQEsW7wpKNCjG9DtNlClVuFLEZdDNbEs=
golang.org/x/sys v0.0.0-20200930185726-fdedc70b468f/go.mod h1:h1NjWce9XRLGQEsW7wpKNCjG9DtNlClVuFLEZdDNbEs=
golang.org/x/sys v0.0.0-20210124154548-22da62e12c0c h1:VwygUrnw9jn88c4u8GD3rZQbqrP/tgas88tPUbBxQrk=
golang.org/x/sys v0.0.0-20210124154548-22da62e12c0c/go.mod h1:h1NjWce9XRLGQEsW7wpKNCjG9DtNlClVuFLEZdDNbEs=
golang.org/x/text v0.3.0/go.mod h1:NqM8EUOU14njkJ3fqMW+pc6Ldnwhi/IjpwHt7yyuwOQ=
golang.org/x/text v0.3.3 h1:cokOdA+Jmi5PJGXLlLllQSgYigAEfHXJAERHVMaCc2k=
golang.org/x/text v0.3.3/go.mod h1:5Zoc/QRtKVWzQhOtBMvqHzDpF6irO9z98xDceosuGiQ=
golang.org/x/tools v0.0.0-20180917221912-90fa682c2a6e/go.mod h1:n7NCudcB/nEzxVGmLbDWY5pfWTLqBcC2KZ6jyYvM4mQ=
gopkg.in/check.v1 v0.0.0-20161208181325-20d25e280405/go.mod h1:Co6ibVJAznAaIkqp8huTwlJQCZ016jof/cbN4VW5Yz0=
gopkg.in/yaml.v2 v2.2.8 h1:obN1ZagJSUGI0Ek/LBmuj4SNLPfIny3KsKFopxRdj10=
gopkg.in/yaml.v2 v2.2.8/go.mod h1:hI93XBmqTisBFMUTm0b8Fm+jr3Dg1NNxqwp+5A1VGuI=
